
Microsoft Visual Studio Solution File, Format Version 12.00
# Visual Studio 14
VisualStudioVersion = 14.0.22823.1
MinimumVisualStudioVersion = 10.0.40219.1
Project("{FAE04EC0-301F-11D3-BF4B-00C04F79EFBC}") = "PokéScript2", "PokéScript2\PokéScript2.csproj", "{41CC4952-5646-49D1-8F12-C26E8D8F45EC}"
EndProject
Global
	GlobalSection(SolutionConfigurationPlatforms) = preSolution
		Debug|Any CPU = Debug|Any CPU
		Release|Any CPU = Release|Any CPU
	EndGlobalSection
	GlobalSection(ProjectConfigurationPlatforms) = postSolution
		{41CC4952-5646-49D1-8F12-C26E8D8F45EC}.Debug|Any CPU.ActiveCfg = Debug|Any CPU
		{41CC4952-5646-49D1-8F12-C26E8D8F45EC}.Debug|Any CPU.Build.0 = Debug|Any CPU
		{41CC4952-5646-49D1-8F12-C26E8D8F45EC}.Release|Any CPU.ActiveCfg = Release|Any CPU
		{41CC4952-5646-49D1-8F12-C26E8D8F45EC}.Release|Any CPU.Build.0 = Release|Any CPU
	EndGlobalSection
	GlobalSection(SolutionProperties) = preSolution
		HideSolutionNode = FALSE
	EndGlobalSection
EndGlobal
